
Microsoft Visual Studio Solution File, Format Version 12.00
# Visual Studio 15
VisualStudioVersion = 15.0.26430.13
MinimumVisualStudioVersion = 10.0.40219.1
Project("{2150E333-8FDC-42A3-9474-1A3956D46DE8}") = "动态链接库", "动态链接库", "{7227E3B6-DB3C-4258-9420-6FC66D99C96A}"
EndProject
Project("{2150E333-8FDC-42A3-9474-1A3956D46DE8}") = "主程序", "主程序", "{39CD9AB6-C375-4D50-8EBF-34F44E6FDE96}"
EndProject
Project("{FAE04EC0-301F-11D3-BF4B-00C04F79EFBC}") = "AdminControl", "AdminControl\AdminControl.csproj", "{7DB58E2D-3746-4D9D-B97E-BFDF00DDD3E7}"
	ProjectSection(ProjectDependencies) = postProject
		{5FC20D5C-133F-4672-BB82-8F8CC8F9107A} = {5FC20D5C-133F-4672-BB82-8F8CC8F9107A}
		{D7FFDDA8-1191-44F6-87EB-1E3FDD4E283B} = {D7FFDDA8-1191-44F6-87EB-1E3FDD4E283B}
	EndProjectSection
EndProject
Project("{2150E333-8FDC-42A3-9474-1A3956D46DE8}") = "日志记录服务", "日志记录服务", "{6BF39DF6-4C7A-4893-8931-3CD45ECCF65A}"
EndProject
Project("{FAE04EC0-301F-11D3-BF4B-00C04F79EFBC}") = "LogService", "LogService\LogService.csproj", "{D7FFDDA8-1191-44F6-87EB-1E3FDD4E283B}"
EndProject
Project("{2150E333-8FDC-42A3-9474-1A3956D46DE8}") = "通讯加密服务", "通讯加密服务", "{99345564-130F-4D29-8837-B6B51C62AED3}"
EndProject
Project("{2150E333-8FDC-42A3-9474-1A3956D46DE8}") = "指令解析服务", "指令解析服务", "{5B64D3D7-C469-4A3F-8D5F-5ADB93528021}"
EndProject
Project("{2150E333-8FDC-42A3-9474-1A3956D46DE8}") = "数据解析服务", "数据解析服务", "{C3480362-62CD-4A2E-9142-8A5D25A2EE8D}"
EndProject
Project("{FAE04EC0-301F-11D3-BF4B-00C04F79EFBC}") = "DataHandleService", "DataHandleService\DataHandleService.csproj", "{5FC20D5C-133F-4672-BB82-8F8CC8F9107A}"
EndProject
Global
	GlobalSection(SolutionConfigurationPlatforms) = preSolution
		Debug|Any CPU = Debug|Any CPU
		Release|Any CPU = Release|Any CPU
	EndGlobalSection
	GlobalSection(ProjectConfigurationPlatforms) = postSolution
		{7DB58E2D-3746-4D9D-B97E-BFDF00DDD3E7}.Debug|Any CPU.ActiveCfg = Debug|Any CPU
		{7DB58E2D-3746-4D9D-B97E-BFDF00DDD3E7}.Debug|Any CPU.Build.0 = Debug|Any CPU
		{7DB58E2D-3746-4D9D-B97E-BFDF00DDD3E7}.Release|Any CPU.ActiveCfg = Release|Any CPU
		{7DB58E2D-3746-4D9D-B97E-BFDF00DDD3E7}.Release|Any CPU.Build.0 = Release|Any CPU
		{D7FFDDA8-1191-44F6-87EB-1E3FDD4E283B}.Debug|Any CPU.ActiveCfg = Debug|Any CPU
		{D7FFDDA8-1191-44F6-87EB-1E3FDD4E283B}.Debug|Any CPU.Build.0 = Debug|Any CPU
		{D7FFDDA8-1191-44F6-87EB-1E3FDD4E283B}.Release|Any CPU.ActiveCfg = Release|Any CPU
		{D7FFDDA8-1191-44F6-87EB-1E3FDD4E283B}.Release|Any CPU.Build.0 = Release|Any CPU
		{5FC20D5C-133F-4672-BB82-8F8CC8F9107A}.Debug|Any CPU.ActiveCfg = Debug|Any CPU
		{5FC20D5C-133F-4672-BB82-8F8CC8F9107A}.Debug|Any CPU.Build.0 = Debug|Any CPU
		{5FC20D5C-133F-4672-BB82-8F8CC8F9107A}.Release|Any CPU.ActiveCfg = Release|Any CPU
		{5FC20D5C-133F-4672-BB82-8F8CC8F9107A}.Release|Any CPU.Build.0 = Release|Any CPU
	EndGlobalSection
	GlobalSection(SolutionProperties) = preSolution
		HideSolutionNode = FALSE
	EndGlobalSection
	GlobalSection(NestedProjects) = preSolution
		{7DB58E2D-3746-4D9D-B97E-BFDF00DDD3E7} = {39CD9AB6-C375-4D50-8EBF-34F44E6FDE96}
		{6BF39DF6-4C7A-4893-8931-3CD45ECCF65A} = {7227E3B6-DB3C-4258-9420-6FC66D99C96A}
		{D7FFDDA8-1191-44F6-87EB-1E3FDD4E283B} = {6BF39DF6-4C7A-4893-8931-3CD45ECCF65A}
		{99345564-130F-4D29-8837-B6B51C62AED3} = {7227E3B6-DB3C-4258-9420-6FC66D99C96A}
		{5B64D3D7-C469-4A3F-8D5F-5ADB93528021} = {7227E3B6-DB3C-4258-9420-6FC66D99C96A}
		{C3480362-62CD-4A2E-9142-8A5D25A2EE8D} = {7227E3B6-DB3C-4258-9420-6FC66D99C96A}
		{5FC20D5C-133F-4672-BB82-8F8CC8F9107A} = {C3480362-62CD-4A2E-9142-8A5D25A2EE8D}
	EndGlobalSection
EndGlobal
