
Microsoft Visual Studio Solution File, Format Version 12.00
# Visual Studio 15
VisualStudioVersion = 15.0.26730.8
MinimumVisualStudioVersion = 10.0.40219.1
Project("{2150E333-8FDC-42A3-9474-1A3956D46DE8}") = "动态链接库", "动态链接库", "{7227E3B6-DB3C-4258-9420-6FC66D99C96A}"
EndProject
Project("{2150E333-8FDC-42A3-9474-1A3956D46DE8}") = "主程序", "主程序", "{39CD9AB6-C375-4D50-8EBF-34F44E6FDE96}"
EndProject
Project("{FAE04EC0-301F-11D3-BF4B-00C04F79EFBC}") = "AdminControl", "AdminControl\AdminControl.csproj", "{7DB58E2D-3746-4D9D-B97E-BFDF00DDD3E7}"
	ProjectSection(ProjectDependencies) = postProject
		{5FC20D5C-133F-4672-BB82-8F8CC8F9107A} = {5FC20D5C-133F-4672-BB82-8F8CC8F9107A}
		{338BF887-3BD2-4EE9-8393-48689C47CE3E} = {338BF887-3BD2-4EE9-8393-48689C47CE3E}
		{D551BB88-3D24-4F04-9C56-8C7DF49DCCE7} = {D551BB88-3D24-4F04-9C56-8C7DF49DCCE7}
		{D7FFDDA8-1191-44F6-87EB-1E3FDD4E283B} = {D7FFDDA8-1191-44F6-87EB-1E3FDD4E283B}
	EndProjectSection
EndProject
Project("{2150E333-8FDC-42A3-9474-1A3956D46DE8}") = "日志记录服务", "日志记录服务", "{6BF39DF6-4C7A-4893-8931-3CD45ECCF65A}"
EndProject
Project("{FAE04EC0-301F-11D3-BF4B-00C04F79EFBC}") = "LogService", "LogService\LogService.csproj", "{D7FFDDA8-1191-44F6-87EB-1E3FDD4E283B}"
	ProjectSection(ProjectDependencies) = postProject
		{756A534E-2DFF-471F-8657-17228FF096AB} = {756A534E-2DFF-471F-8657-17228FF096AB}
	EndProjectSection
EndProject
Project("{2150E333-8FDC-42A3-9474-1A3956D46DE8}") = "数据解析服务", "数据解析服务", "{C3480362-62CD-4A2E-9142-8A5D25A2EE8D}"
EndProject
Project("{FAE04EC0-301F-11D3-BF4B-00C04F79EFBC}") = "DataHandleService", "DataHandleService\DataHandleService.csproj", "{5FC20D5C-133F-4672-BB82-8F8CC8F9107A}"
	ProjectSection(ProjectDependencies) = postProject
		{AB6CC12A-DE60-44FB-944C-F8B7F43527BC} = {AB6CC12A-DE60-44FB-944C-F8B7F43527BC}
	EndProjectSection
EndProject
Project("{2150E333-8FDC-42A3-9474-1A3956D46DE8}") = "数据传输服务", "数据传输服务", "{68947C56-C760-4DD0-9720-281BAF2A0670}"
EndProject
Project("{FAE04EC0-301F-11D3-BF4B-00C04F79EFBC}") = "DataTransferService", "DataTransferService\DataTransferService.csproj", "{D551BB88-3D24-4F04-9C56-8C7DF49DCCE7}"
EndProject
Project("{2150E333-8FDC-42A3-9474-1A3956D46DE8}") = "数据库操作服务", "数据库操作服务", "{EDEB95E8-D3A6-42ED-9DE8-6FB1DFB94960}"
EndProject
Project("{FAE04EC0-301F-11D3-BF4B-00C04F79EFBC}") = "DataBaseService", "DataBaseService\DataBaseService.csproj", "{338BF887-3BD2-4EE9-8393-48689C47CE3E}"
	ProjectSection(ProjectDependencies) = postProject
		{F53444FB-6F63-489F-AC98-449BB86591E4} = {F53444FB-6F63-489F-AC98-449BB86591E4}
	EndProjectSection
EndProject
Project("{2150E333-8FDC-42A3-9474-1A3956D46DE8}") = "服务器", "服务器", "{F54A71E7-3DCA-4135-841F-123656AECD3D}"
EndProject
Project("{2150E333-8FDC-42A3-9474-1A3956D46DE8}") = "接口", "接口", "{087605B4-D833-474C-A8B7-FF29FB2C95D8}"
EndProject
Project("{FAE04EC0-301F-11D3-BF4B-00C04F79EFBC}") = "NetworkInterface", "NetworkInterface\NetworkInterface.csproj", "{BD79FB9D-FD33-4893-AA9C-4149C4EE8590}"
EndProject
Project("{2150E333-8FDC-42A3-9474-1A3956D46DE8}") = "网络通讯接口", "网络通讯接口", "{6BD962B2-D6DD-4DB5-8D0E-1A716376787D}"
EndProject
Project("{2150E333-8FDC-42A3-9474-1A3956D46DE8}") = "数据库接口", "数据库接口", "{DC5E033A-02EF-4F5A-AF8F-A5C98ED33BE9}"
EndProject
Project("{FAE04EC0-301F-11D3-BF4B-00C04F79EFBC}") = "DataBaseInterface", "DataBaseInterface\DataBaseInterface.csproj", "{F53444FB-6F63-489F-AC98-449BB86591E4}"
EndProject
Project("{2150E333-8FDC-42A3-9474-1A3956D46DE8}") = "说明", "说明", "{EF872A77-DF34-4BE1-B7A2-07FA87C5F455}"
	ProjectSection(SolutionItems) = preProject
		README.txt = README.txt
		代码度量值.xlsx = 代码度量值.xlsx
		代码视图.dgml = 代码视图.dgml
	EndProjectSection
EndProject
Project("{2150E333-8FDC-42A3-9474-1A3956D46DE8}") = "数据处理接口", "数据处理接口", "{5C667C7B-78E7-4F1D-A100-B55B7E8E9683}"
EndProject
Project("{2150E333-8FDC-42A3-9474-1A3956D46DE8}") = "文件处理接口", "文件处理接口", "{C69BCFFF-1D5F-4241-908E-EA5BB73F8B61}"
EndProject
Project("{FAE04EC0-301F-11D3-BF4B-00C04F79EFBC}") = "FileHandleInterface", "FileHandleInterface\FileHandleInterface.csproj", "{756A534E-2DFF-471F-8657-17228FF096AB}"
EndProject
Project("{FAE04EC0-301F-11D3-BF4B-00C04F79EFBC}") = "DataHandleInterface", "DataHandleInterface\DataHandleInterface.csproj", "{AB6CC12A-DE60-44FB-944C-F8B7F43527BC}"
EndProject
Project("{2150E333-8FDC-42A3-9474-1A3956D46DE8}") = "性能分析", "性能分析", "{FF0919B8-B415-48D5-9FA6-DDE1C381F2CC}"
	ProjectSection(SolutionItems) = preProject
		AdminControl.psess = AdminControl.psess
		AdminControl170822.vspx = AdminControl170822.vspx
	EndProjectSection
EndProject
Project("{2150E333-8FDC-42A3-9474-1A3956D46DE8}") = "Windows服务", "Windows服务", "{16996058-40C4-49AD-A947-984C03756B69}"
EndProject
Project("{2150E333-8FDC-42A3-9474-1A3956D46DE8}") = "日志清理服务", "日志清理服务", "{18D8945F-1696-40B3-B616-09A86C7990E5}"
EndProject
Project("{FAE04EC0-301F-11D3-BF4B-00C04F79EFBC}") = "AutoLogCleanService", "AutoLogCleanService\AutoLogCleanService.csproj", "{E2E1F084-DA20-499B-872F-044583193E40}"
	ProjectSection(ProjectDependencies) = postProject
		{D7FFDDA8-1191-44F6-87EB-1E3FDD4E283B} = {D7FFDDA8-1191-44F6-87EB-1E3FDD4E283B}
	EndProjectSection
EndProject
Global
	GlobalSection(Performance) = preSolution
		HasPerformanceSessions = true
	EndGlobalSection
	GlobalSection(SolutionConfigurationPlatforms) = preSolution
		Debug|Any CPU = Debug|Any CPU
		Release|Any CPU = Release|Any CPU
		Description = 请使用VS2015或以上版本打开
	EndGlobalSection
	GlobalSection(ProjectConfigurationPlatforms) = postSolution
		{7DB58E2D-3746-4D9D-B97E-BFDF00DDD3E7}.Debug|Any CPU.ActiveCfg = Debug|Any CPU
		{7DB58E2D-3746-4D9D-B97E-BFDF00DDD3E7}.Debug|Any CPU.Build.0 = Debug|Any CPU
		{7DB58E2D-3746-4D9D-B97E-BFDF00DDD3E7}.Release|Any CPU.ActiveCfg = Release|Any CPU
		{7DB58E2D-3746-4D9D-B97E-BFDF00DDD3E7}.Release|Any CPU.Build.0 = Release|Any CPU
		{D7FFDDA8-1191-44F6-87EB-1E3FDD4E283B}.Debug|Any CPU.ActiveCfg = Debug|Any CPU
		{D7FFDDA8-1191-44F6-87EB-1E3FDD4E283B}.Debug|Any CPU.Build.0 = Debug|Any CPU
		{D7FFDDA8-1191-44F6-87EB-1E3FDD4E283B}.Debug|Any CPU.Deploy.0 = Debug|Any CPU
		{D7FFDDA8-1191-44F6-87EB-1E3FDD4E283B}.Release|Any CPU.ActiveCfg = Release|Any CPU
		{D7FFDDA8-1191-44F6-87EB-1E3FDD4E283B}.Release|Any CPU.Build.0 = Release|Any CPU
		{5FC20D5C-133F-4672-BB82-8F8CC8F9107A}.Debug|Any CPU.ActiveCfg = Debug|Any CPU
		{5FC20D5C-133F-4672-BB82-8F8CC8F9107A}.Debug|Any CPU.Build.0 = Debug|Any CPU
		{5FC20D5C-133F-4672-BB82-8F8CC8F9107A}.Release|Any CPU.ActiveCfg = Release|Any CPU
		{5FC20D5C-133F-4672-BB82-8F8CC8F9107A}.Release|Any CPU.Build.0 = Release|Any CPU
		{D551BB88-3D24-4F04-9C56-8C7DF49DCCE7}.Debug|Any CPU.ActiveCfg = Debug|Any CPU
		{D551BB88-3D24-4F04-9C56-8C7DF49DCCE7}.Debug|Any CPU.Build.0 = Debug|Any CPU
		{D551BB88-3D24-4F04-9C56-8C7DF49DCCE7}.Release|Any CPU.ActiveCfg = Release|Any CPU
		{D551BB88-3D24-4F04-9C56-8C7DF49DCCE7}.Release|Any CPU.Build.0 = Release|Any CPU
		{338BF887-3BD2-4EE9-8393-48689C47CE3E}.Debug|Any CPU.ActiveCfg = Debug|Any CPU
		{338BF887-3BD2-4EE9-8393-48689C47CE3E}.Debug|Any CPU.Build.0 = Debug|Any CPU
		{338BF887-3BD2-4EE9-8393-48689C47CE3E}.Release|Any CPU.ActiveCfg = Release|Any CPU
		{338BF887-3BD2-4EE9-8393-48689C47CE3E}.Release|Any CPU.Build.0 = Release|Any CPU
		{BD79FB9D-FD33-4893-AA9C-4149C4EE8590}.Debug|Any CPU.ActiveCfg = Debug|Any CPU
		{BD79FB9D-FD33-4893-AA9C-4149C4EE8590}.Debug|Any CPU.Build.0 = Debug|Any CPU
		{BD79FB9D-FD33-4893-AA9C-4149C4EE8590}.Release|Any CPU.ActiveCfg = Release|Any CPU
		{BD79FB9D-FD33-4893-AA9C-4149C4EE8590}.Release|Any CPU.Build.0 = Release|Any CPU
		{F53444FB-6F63-489F-AC98-449BB86591E4}.Debug|Any CPU.ActiveCfg = Debug|Any CPU
		{F53444FB-6F63-489F-AC98-449BB86591E4}.Debug|Any CPU.Build.0 = Debug|Any CPU
		{F53444FB-6F63-489F-AC98-449BB86591E4}.Release|Any CPU.ActiveCfg = Release|Any CPU
		{F53444FB-6F63-489F-AC98-449BB86591E4}.Release|Any CPU.Build.0 = Release|Any CPU
		{756A534E-2DFF-471F-8657-17228FF096AB}.Debug|Any CPU.ActiveCfg = Debug|Any CPU
		{756A534E-2DFF-471F-8657-17228FF096AB}.Debug|Any CPU.Build.0 = Debug|Any CPU
		{756A534E-2DFF-471F-8657-17228FF096AB}.Release|Any CPU.ActiveCfg = Release|Any CPU
		{756A534E-2DFF-471F-8657-17228FF096AB}.Release|Any CPU.Build.0 = Release|Any CPU
		{AB6CC12A-DE60-44FB-944C-F8B7F43527BC}.Debug|Any CPU.ActiveCfg = Debug|Any CPU
		{AB6CC12A-DE60-44FB-944C-F8B7F43527BC}.Debug|Any CPU.Build.0 = Debug|Any CPU
		{AB6CC12A-DE60-44FB-944C-F8B7F43527BC}.Release|Any CPU.ActiveCfg = Release|Any CPU
		{AB6CC12A-DE60-44FB-944C-F8B7F43527BC}.Release|Any CPU.Build.0 = Release|Any CPU
		{E2E1F084-DA20-499B-872F-044583193E40}.Debug|Any CPU.ActiveCfg = Debug|Any CPU
		{E2E1F084-DA20-499B-872F-044583193E40}.Debug|Any CPU.Build.0 = Debug|Any CPU
		{E2E1F084-DA20-499B-872F-044583193E40}.Release|Any CPU.ActiveCfg = Release|Any CPU
		{E2E1F084-DA20-499B-872F-044583193E40}.Release|Any CPU.Build.0 = Release|Any CPU
	EndGlobalSection
	GlobalSection(SolutionProperties) = preSolution
		HideSolutionNode = FALSE
	EndGlobalSection
	GlobalSection(NestedProjects) = preSolution
		{7DB58E2D-3746-4D9D-B97E-BFDF00DDD3E7} = {F54A71E7-3DCA-4135-841F-123656AECD3D}
		{6BF39DF6-4C7A-4893-8931-3CD45ECCF65A} = {7227E3B6-DB3C-4258-9420-6FC66D99C96A}
		{D7FFDDA8-1191-44F6-87EB-1E3FDD4E283B} = {6BF39DF6-4C7A-4893-8931-3CD45ECCF65A}
		{C3480362-62CD-4A2E-9142-8A5D25A2EE8D} = {7227E3B6-DB3C-4258-9420-6FC66D99C96A}
		{5FC20D5C-133F-4672-BB82-8F8CC8F9107A} = {C3480362-62CD-4A2E-9142-8A5D25A2EE8D}
		{68947C56-C760-4DD0-9720-281BAF2A0670} = {7227E3B6-DB3C-4258-9420-6FC66D99C96A}
		{D551BB88-3D24-4F04-9C56-8C7DF49DCCE7} = {68947C56-C760-4DD0-9720-281BAF2A0670}
		{EDEB95E8-D3A6-42ED-9DE8-6FB1DFB94960} = {7227E3B6-DB3C-4258-9420-6FC66D99C96A}
		{338BF887-3BD2-4EE9-8393-48689C47CE3E} = {EDEB95E8-D3A6-42ED-9DE8-6FB1DFB94960}
		{F54A71E7-3DCA-4135-841F-123656AECD3D} = {39CD9AB6-C375-4D50-8EBF-34F44E6FDE96}
		{BD79FB9D-FD33-4893-AA9C-4149C4EE8590} = {6BD962B2-D6DD-4DB5-8D0E-1A716376787D}
		{6BD962B2-D6DD-4DB5-8D0E-1A716376787D} = {087605B4-D833-474C-A8B7-FF29FB2C95D8}
		{DC5E033A-02EF-4F5A-AF8F-A5C98ED33BE9} = {087605B4-D833-474C-A8B7-FF29FB2C95D8}
		{F53444FB-6F63-489F-AC98-449BB86591E4} = {DC5E033A-02EF-4F5A-AF8F-A5C98ED33BE9}
		{5C667C7B-78E7-4F1D-A100-B55B7E8E9683} = {087605B4-D833-474C-A8B7-FF29FB2C95D8}
		{C69BCFFF-1D5F-4241-908E-EA5BB73F8B61} = {087605B4-D833-474C-A8B7-FF29FB2C95D8}
		{756A534E-2DFF-471F-8657-17228FF096AB} = {C69BCFFF-1D5F-4241-908E-EA5BB73F8B61}
		{AB6CC12A-DE60-44FB-944C-F8B7F43527BC} = {5C667C7B-78E7-4F1D-A100-B55B7E8E9683}
		{18D8945F-1696-40B3-B616-09A86C7990E5} = {16996058-40C4-49AD-A947-984C03756B69}
		{E2E1F084-DA20-499B-872F-044583193E40} = {18D8945F-1696-40B3-B616-09A86C7990E5}
	EndGlobalSection
	GlobalSection(ExtensibilityGlobals) = postSolution
		SolutionGuid = {93F93457-B7FE-4B40-97EA-576F72DBE36C}
	EndGlobalSection
	GlobalSection(Performance) = preSolution
		HasPerformanceSessions = true
	EndGlobalSection
	GlobalSection(Performance) = preSolution
		HasPerformanceSessions = true
	EndGlobalSection
	GlobalSection(Performance) = preSolution
		HasPerformanceSessions = true
	EndGlobalSection
EndGlobal
